
Microsoft Visual Studio Solution File, Format Version 10.00
# Visual Studio 2008
Project("{FAE04EC0-301F-11D3-BF4B-00C04F79EFBC}") = "KaoHsiung.JHEvaluation.Data", "KaoHsiung.JHEvaluation.Data\KaoHsiung.JHEvaluation.Data.csproj", "{CFF424F0-A793-4A66-AE37-6F7887AFDECC}"
EndProject
Global
	GlobalSection(TeamFoundationVersionControl) = preSolution
		SccNumberOfProjects = 2
		SccEnterpriseProvider = {4CA58AB2-18FA-4F8D-95D4-32DDF27D184C}
		SccTeamFoundationServer = http://tfserver:8080/
		SccLocalPath0 = .
		SccProjectUniqueName1 = KaoHsiung.JHEvaluation.Data\\KaoHsiung.JHEvaluation.Data.csproj
		SccProjectName1 = KaoHsiung.JHEvaluation.Data
		SccLocalPath1 = KaoHsiung.JHEvaluation.Data
	EndGlobalSection
	GlobalSection(SolutionConfigurationPlatforms) = preSolution
		Debug|Any CPU = Debug|Any CPU
		Release|Any CPU = Release|Any CPU
	EndGlobalSection
	GlobalSection(ProjectConfigurationPlatforms) = postSolution
		{CFF424F0-A793-4A66-AE37-6F7887AFDECC}.Debug|Any CPU.ActiveCfg = Debug|Any CPU
		{CFF424F0-A793-4A66-AE37-6F7887AFDECC}.Debug|Any CPU.Build.0 = Debug|Any CPU
		{CFF424F0-A793-4A66-AE37-6F7887AFDECC}.Release|Any CPU.ActiveCfg = Release|Any CPU
		{CFF424F0-A793-4A66-AE37-6F7887AFDECC}.Release|Any CPU.Build.0 = Release|Any CPU
	EndGlobalSection
	GlobalSection(SolutionProperties) = preSolution
		HideSolutionNode = FALSE
	EndGlobalSection
EndGlobal
